// !$*UTF8*$!
{
	archiveVersion = 1;
	classes = {
	};
	objectVersion = 56;
	objects = {

/* Begin PBXBuildFile section */
		CC4A60802D837F7300EF7C59 /* dumbbell_fly.mp4 in Resources */ = {isa = PBXBuildFile; fileRef = CC4A607F2D837F7300EF7C59 /* dumbbell_fly.mp4 */; };
		CC5080C62D7D8CB200D0C76A /* ExerciseDetailView.swift in Sources */ = {isa = PBXBuildFile; fileRef = CC5080C52D7D8CB200D0C76A /* ExerciseDetailView.swift */; };
		CC5080C82D7D8D3D00D0C76A /*  RestTimerView.swift in Sources */ = {isa = PBXBuildFile; fileRef = CC5080C72D7D8D3D00D0C76A /*  RestTimerView.swift */; };
		CC5080CC2D7E132400D0C76A /* race_start.mp3 in Resources */ = {isa = PBXBuildFile; fileRef = CC5080CB2D7E132400D0C76A /* race_start.mp3 */; };
		CC66A1B12D7B239A00F89D73 /* ExerciseGymApp.swift in Sources */ = {isa = PBXBuildFile; fileRef = CC66A1B02D7B239A00F89D73 /* ExerciseGymApp.swift */; };
		CC66A1B32D7B239A00F89D73 /* ContentView.swift in Sources */ = {isa = PBXBuildFile; fileRef = CC66A1B22D7B239A00F89D73 /* ContentView.swift */; };
		CC66A1B52D7B239C00F89D73 /* Assets.xcassets in Resources */ = {isa = PBXBuildFile; fileRef = CC66A1B42D7B239C00F89D73 /* Assets.xcassets */; };
		CC66A1B82D7B239C00F89D73 /* Preview Assets.xcassets in Resources */ = {isa = PBXBuildFile; fileRef = CC66A1B72D7B239C00F89D73 /* Preview Assets.xcassets */; };
		CC66A1BF2D7B81B000F89D73 /* ExerciseCategoryModel.swift in Sources */ = {isa = PBXBuildFile; fileRef = CC66A1BE2D7B81B000F89D73 /* ExerciseCategoryModel.swift */; };
		CC66A1C12D7B834E00F89D73 /* ExerciseEditView.swift in Sources */ = {isa = PBXBuildFile; fileRef = CC66A1C02D7B834E00F89D73 /* ExerciseEditView.swift */; };
		CC72020C2D7CD30E00D54B19 /*  ExerciseListView.swift in Sources */ = {isa = PBXBuildFile; fileRef = CC72020B2D7CD30E00D54B19 /*  ExerciseListView.swift */; };
		CC7536CA2D84D1A8000A2142 /* WorkoutData.swift in Sources */ = {isa = PBXBuildFile; fileRef = CC7536C92D84D1A8000A2142 /* WorkoutData.swift */; };
		CC7536CC2D84D23D000A2142 /* AddExerciseView.swift in Sources */ = {isa = PBXBuildFile; fileRef = CC7536CB2D84D23D000A2142 /* AddExerciseView.swift */; };
		CC7BE66F2DDB7E4A00134F06 /* benchpress.mp4 in Resources */ = {isa = PBXBuildFile; fileRef = CC7BE6662DDB7E4900134F06 /* benchpress.mp4 */; };
		CC7BE6702DDB7E4A00134F06 /* biceps.mp4 in Resources */ = {isa = PBXBuildFile; fileRef = CC7BE6672DDB7E4900134F06 /* biceps.mp4 */; };
		CC7BE6712DDB7E4A00134F06 /* karman.mp4 in Resources */ = {isa = PBXBuildFile; fileRef = CC7BE6682DDB7E4900134F06 /* karman.mp4 */; };
		CC7BE6722DDB7E4A00134F06 /* GymBlokUp.mp4 in Resources */ = {isa = PBXBuildFile; fileRef = CC7BE6692DDB7E4900134F06 /* GymBlokUp.mp4 */; };
		CC7BE6742DDB7E4A00134F06 /* gymgl.mp4 in Resources */ = {isa = PBXBuildFile; fileRef = CC7BE66B2DDB7E4A00134F06 /* gymgl.mp4 */; };
		CC7BE6752DDB7E4A00134F06 /* gymLegsDoun.mp4 in Resources */ = {isa = PBXBuildFile; fileRef = CC7BE66C2DDB7E4A00134F06 /* gymLegsDoun.mp4 */; };
		CC7BE6762DDB7E4A00134F06 /* hammer.mp4 in Resources */ = {isa = PBXBuildFile; fileRef = CC7BE66D2DDB7E4A00134F06 /* hammer.mp4 */; };
		CC7BE6782DDB7F7500134F06 /* rumyn.mp4 in Resources */ = {isa = PBXBuildFile; fileRef = CC7BE6772DDB7F7500134F06 /* rumyn.mp4 */; };
/* End PBXBuildFile section */

/* Begin PBXFileReference section */
		CC4A607F2D837F7300EF7C59 /* dumbbell_fly.mp4 */ = {isa = PBXFileReference; lastKnownFileType = file; name = dumbbell_fly.mp4; path = ../../../../Downloads/dumbbell_fly.mp4; sourceTree = "<group>"; };
		CC5080C52D7D8CB200D0C76A /* ExerciseDetailView.swift */ = {isa = PBXFileReference; lastKnownFileType = sourcecode.swift; path = ExerciseDetailView.swift; sourceTree = "<group>"; };
		CC5080C72D7D8D3D00D0C76A /*  RestTimerView.swift */ = {isa = PBXFileReference; lastKnownFileType = sourcecode.swift; path = " RestTimerView.swift"; sourceTree = "<group>"; };
		CC5080CB2D7E132400D0C76A /* race_start.mp3 */ = {isa = PBXFileReference; lastKnownFileType = audio.mp3; name = race_start.mp3; path = ../../../../Downloads/race_start.mp3; sourceTree = "<group>"; };
		CC66A1AD2D7B239A00F89D73 /* ExerciseGym.app */ = {isa = PBXFileReference; explicitFileType = wrapper.application; includeInIndex = 0; path = ExerciseGym.app; sourceTree = BUILT_PRODUCTS_DIR; };
		CC66A1B02D7B239A00F89D73 /* ExerciseGymApp.swift */ = {isa = PBXFileReference; lastKnownFileType = sourcecode.swift; path = ExerciseGymApp.swift; sourceTree = "<group>"; };
		CC66A1B22D7B239A00F89D73 /* ContentView.swift */ = {isa = PBXFileReference; lastKnownFileType = sourcecode.swift; path = ContentView.swift; sourceTree = "<group>"; };
		CC66A1B42D7B239C00F89D73 /* Assets.xcassets */ = {isa = PBXFileReference; lastKnownFileType = folder.assetcatalog; path = Assets.xcassets; sourceTree = "<group>"; };
		CC66A1B72D7B239C00F89D73 /* Preview Assets.xcassets */ = {isa = PBXFileReference; lastKnownFileType = folder.assetcatalog; path = "Preview Assets.xcassets"; sourceTree = "<group>"; };
		CC66A1BE2D7B81B000F89D73 /* ExerciseCategoryModel.swift */ = {isa = PBXFileReference; lastKnownFileType = sourcecode.swift; path = ExerciseCategoryModel.swift; sourceTree = "<group>"; };
		CC66A1C02D7B834E00F89D73 /* ExerciseEditView.swift */ = {isa = PBXFileReference; lastKnownFileType = sourcecode.swift; path = ExerciseEditView.swift; sourceTree = "<group>"; };
		CC72020B2D7CD30E00D54B19 /*  ExerciseListView.swift */ = {isa = PBXFileReference; lastKnownFileType = sourcecode.swift; path = " ExerciseListView.swift"; sourceTree = "<group>"; };
		CC7536C92D84D1A8000A2142 /* WorkoutData.swift */ = {isa = PBXFileReference; lastKnownFileType = sourcecode.swift; path = WorkoutData.swift; sourceTree = "<group>"; };
		CC7536CB2D84D23D000A2142 /* AddExerciseView.swift */ = {isa = PBXFileReference; lastKnownFileType = sourcecode.swift; path = AddExerciseView.swift; sourceTree = "<group>"; };
		CC7BE6662DDB7E4900134F06 /* benchpress.mp4 */ = {isa = PBXFileReference; lastKnownFileType = file; path = benchpress.mp4; sourceTree = "<group>"; };
		CC7BE6672DDB7E4900134F06 /* biceps.mp4 */ = {isa = PBXFileReference; lastKnownFileType = file; path = biceps.mp4; sourceTree = "<group>"; };
		CC7BE6682DDB7E4900134F06 /* karman.mp4 */ = {isa = PBXFileReference; lastKnownFileType = file; path = karman.mp4; sourceTree = "<group>"; };
		CC7BE6692DDB7E4900134F06 /* GymBlokUp.mp4 */ = {isa = PBXFileReference; lastKnownFileType = file; path = GymBlokUp.mp4; sourceTree = "<group>"; };
		CC7BE66B2DDB7E4A00134F06 /* gymgl.mp4 */ = {isa = PBXFileReference; lastKnownFileType = file; path = gymgl.mp4; sourceTree = "<group>"; };
		CC7BE66C2DDB7E4A00134F06 /* gymLegsDoun.mp4 */ = {isa = PBXFileReference; lastKnownFileType = file; path = gymLegsDoun.mp4; sourceTree = "<group>"; };
		CC7BE66D2DDB7E4A00134F06 /* hammer.mp4 */ = {isa = PBXFileReference; lastKnownFileType = file; path = hammer.mp4; sourceTree = "<group>"; };
		CC7BE6772DDB7F7500134F06 /* rumyn.mp4 */ = {isa = PBXFileReference; lastKnownFileType = file; path = rumyn.mp4; sourceTree = "<group>"; };
/* End PBXFileReference section */

/* Begin PBXFrameworksBuildPhase section */
		CC66A1AA2D7B239A00F89D73 /* Frameworks */ = {
			isa = PBXFrameworksBuildPhase;
			buildActionMask = 2147483647;
			files = (
			);
			runOnlyForDeploymentPostprocessing = 0;
		};
/* End PBXFrameworksBuildPhase section */

/* Begin PBXGroup section */
		CC66A1A42D7B239A00F89D73 = {
			isa = PBXGroup;
			children = (
				CC66A1AF2D7B239A00F89D73 /* ExerciseGym */,
				CC66A1AE2D7B239A00F89D73 /* Products */,
			);
			sourceTree = "<group>";
		};
		CC66A1AE2D7B239A00F89D73 /* Products */ = {
			isa = PBXGroup;
			children = (
				CC66A1AD2D7B239A00F89D73 /* ExerciseGym.app */,
			);
			name = Products;
			sourceTree = "<group>";
		};
		CC66A1AF2D7B239A00F89D73 /* ExerciseGym */ = {
			isa = PBXGroup;
			children = (
				CC66A1B02D7B239A00F89D73 /* ExerciseGymApp.swift */,
				CC66A1B22D7B239A00F89D73 /* ContentView.swift */,
				CC66A1BE2D7B81B000F89D73 /* ExerciseCategoryModel.swift */,
				CC66A1C02D7B834E00F89D73 /* ExerciseEditView.swift */,
				CC72020B2D7CD30E00D54B19 /*  ExerciseListView.swift */,
				CC5080C52D7D8CB200D0C76A /* ExerciseDetailView.swift */,
				CC7536C92D84D1A8000A2142 /* WorkoutData.swift */,
				CC7536CB2D84D23D000A2142 /* AddExerciseView.swift */,
				CC5080C72D7D8D3D00D0C76A /*  RestTimerView.swift */,
				CC66A1B42D7B239C00F89D73 /* Assets.xcassets */,
				CC66A1B62D7B239C00F89D73 /* Preview Content */,
			);
			path = ExerciseGym;
			sourceTree = "<group>";
		};
		CC66A1B62D7B239C00F89D73 /* Preview Content */ = {
			isa = PBXGroup;
			children = (
				CC7BE6772DDB7F7500134F06 /* rumyn.mp4 */,
				CC7BE6662DDB7E4900134F06 /* benchpress.mp4 */,
				CC7BE6672DDB7E4900134F06 /* biceps.mp4 */,
				CC7BE6692DDB7E4900134F06 /* GymBlokUp.mp4 */,
				CC7BE66B2DDB7E4A00134F06 /* gymgl.mp4 */,
				CC7BE66C2DDB7E4A00134F06 /* gymLegsDoun.mp4 */,
				CC7BE66D2DDB7E4A00134F06 /* hammer.mp4 */,
				CC7BE6682DDB7E4900134F06 /* karman.mp4 */,
				CC4A607F2D837F7300EF7C59 /* dumbbell_fly.mp4 */,
				CC5080CB2D7E132400D0C76A /* race_start.mp3 */,
				CC66A1B72D7B239C00F89D73 /* Preview Assets.xcassets */,
			);
			path = "Preview Content";
			sourceTree = "<group>";
		};
/* End PBXGroup section */

/* Begin PBXNativeTarget section */
		CC66A1AC2D7B239A00F89D73 /* ExerciseGym */ = {
			isa = PBXNativeTarget;
			buildConfigurationList = CC66A1BB2D7B239C00F89D73 /* Build configuration list for PBXNativeTarget "ExerciseGym" */;
			buildPhases = (
				CC66A1A92D7B239A00F89D73 /* Sources */,
				CC66A1AA2D7B239A00F89D73 /* Frameworks */,
				CC66A1AB2D7B239A00F89D73 /* Resources */,
			);
			buildRules = (
			);
			dependencies = (
			);
			name = ExerciseGym;
			productName = ExerciseGym;
			productReference = CC66A1AD2D7B239A00F89D73 /* ExerciseGym.app */;
			productType = "com.apple.product-type.application";
		};
/* End PBXNativeTarget section */

/* Begin PBXProject section */
		CC66A1A52D7B239A00F89D73 /* Project object */ = {
			isa = PBXProject;
			attributes = {
				BuildIndependentTargetsInParallel = 1;
				LastSwiftUpdateCheck = 1420;
				LastUpgradeCheck = 1420;
				TargetAttributes = {
					CC66A1AC2D7B239A00F89D73 = {
						CreatedOnToolsVersion = 14.2;
					};
				};
			};
			buildConfigurationList = CC66A1A82D7B239A00F89D73 /* Build configuration list for PBXProject "ExerciseGym" */;
			compatibilityVersion = "Xcode 14.0";
			developmentRegion = en;
			hasScannedForEncodings = 0;
			knownRegions = (
				en,
				Base,
			);
			mainGroup = CC66A1A42D7B239A00F89D73;
			productRefGroup = CC66A1AE2D7B239A00F89D73 /* Products */;
			projectDirPath = "";
			projectRoot = "";
			targets = (
				CC66A1AC2D7B239A00F89D73 /* ExerciseGym */,
			);
		};
/* End PBXProject section */

/* Begin PBXResourcesBuildPhase section */
		CC66A1AB2D7B239A00F89D73 /* Resources */ = {
			isa = PBXResourcesBuildPhase;
			buildActionMask = 2147483647;
			files = (
				CC7BE6752DDB7E4A00134F06 /* gymLegsDoun.mp4 in Resources */,
				CC7BE6762DDB7E4A00134F06 /* hammer.mp4 in Resources */,
				CC66A1B82D7B239C00F89D73 /* Preview Assets.xcassets in Resources */,
				CC7BE6782DDB7F7500134F06 /* rumyn.mp4 in Resources */,
				CC5080CC2D7E132400D0C76A /* race_start.mp3 in Resources */,
				CC7BE6712DDB7E4A00134F06 /* karman.mp4 in Resources */,
				CC7BE6722DDB7E4A00134F06 /* GymBlokUp.mp4 in Resources */,
				CC66A1B52D7B239C00F89D73 /* Assets.xcassets in Resources */,
				CC7BE66F2DDB7E4A00134F06 /* benchpress.mp4 in Resources */,
				CC7BE6742DDB7E4A00134F06 /* gymgl.mp4 in Resources */,
				CC4A60802D837F7300EF7C59 /* dumbbell_fly.mp4 in Resources */,
				CC7BE6702DDB7E4A00134F06 /* biceps.mp4 in Resources */,
			);
			runOnlyForDeploymentPostprocessing = 0;
		};
/* End PBXResourcesBuildPhase section */

/* Begin PBXSourcesBuildPhase section */
		CC66A1A92D7B239A00F89D73 /* Sources */ = {
			isa = PBXSourcesBuildPhase;
			buildActionMask = 2147483647;
			files = (
				CC66A1C12D7B834E00F89D73 /* ExerciseEditView.swift in Sources */,
				CC7536CC2D84D23D000A2142 /* AddExerciseView.swift in Sources */,
				CC7536CA2D84D1A8000A2142 /* WorkoutData.swift in Sources */,
				CC5080C62D7D8CB200D0C76A /* ExerciseDetailView.swift in Sources */,
				CC66A1BF2D7B81B000F89D73 /* ExerciseCategoryModel.swift in Sources */,
				CC66A1B32D7B239A00F89D73 /* ContentView.swift in Sources */,
				CC66A1B12D7B239A00F89D73 /* ExerciseGymApp.swift in Sources */,
				CC5080C82D7D8D3D00D0C76A /*  RestTimerView.swift in Sources */,
				CC72020C2D7CD30E00D54B19 /*  ExerciseListView.swift in Sources */,
			);
			runOnlyForDeploymentPostprocessing = 0;
		};
/* End PBXSourcesBuildPhase section */

/* Begin XCBuildConfiguration section */
		CC66A1B92D7B239C00F89D73 /* Debug */ = {
			isa = XCBuildConfiguration;
			buildSettings = {
				ALWAYS_SEARCH_USER_PATHS = NO;
				CLANG_ANALYZER_NONNULL = YES;
				CLANG_ANALYZER_NUMBER_OBJECT_CONVERSION = YES_AGGRESSIVE;
				CLANG_CXX_LANGUAGE_STANDARD = "gnu++20";
				CLANG_ENABLE_MODULES = YES;
				CLANG_ENABLE_OBJC_ARC = YES;
				CLANG_ENABLE_OBJC_WEAK = YES;
				CLANG_WARN_BLOCK_CAPTURE_AUTORELEASING = YES;
				CLANG_WARN_BOOL_CONVERSION = YES;
				CLANG_WARN_COMMA = YES;
				CLANG_WARN_CONSTANT_CONVERSION = YES;
				CLANG_WARN_DEPRECATED_OBJC_IMPLEMENTATIONS = YES;
				CLANG_WARN_DIRECT_OBJC_ISA_USAGE = YES_ERROR;
				CLANG_WARN_DOCUMENTATION_COMMENTS = YES;
				CLANG_WARN_EMPTY_BODY = YES;
				CLANG_WARN_ENUM_CONVERSION = YES;
				CLANG_WARN_INFINITE_RECURSION = YES;
				CLANG_WARN_INT_CONVERSION = YES;
				CLANG_WARN_NON_LITERAL_NULL_CONVERSION = YES;
				CLANG_WARN_OBJC_IMPLICIT_RETAIN_SELF = YES;
				CLANG_WARN_OBJC_LITERAL_CONVERSION = YES;
				CLANG_WARN_OBJC_ROOT_CLASS = YES_ERROR;
				CLANG_WARN_QUOTED_INCLUDE_IN_FRAMEWORK_HEADER = YES;
				CLANG_WARN_RANGE_LOOP_ANALYSIS = YES;
				CLANG_WARN_STRICT_PROTOTYPES = YES;
				CLANG_WARN_SUSPICIOUS_MOVE = YES;
				CLANG_WARN_UNGUARDED_AVAILABILITY = YES_AGGRESSIVE;
				CLANG_WARN_UNREACHABLE_CODE = YES;
				CLANG_WARN__DUPLICATE_METHOD_MATCH = YES;
				COPY_PHASE_STRIP = NO;
				DEBUG_INFORMATION_FORMAT = dwarf;
				ENABLE_STRICT_OBJC_MSGSEND = YES;
				ENABLE_TESTABILITY = YES;
				GCC_C_LANGUAGE_STANDARD = gnu11;
				GCC_DYNAMIC_NO_PIC = NO;
				GCC_NO_COMMON_BLOCKS = YES;
				GCC_OPTIMIZATION_LEVEL = 0;
				GCC_PREPROCESSOR_DEFINITIONS = (
					"DEBUG=1",
					"$(inherited)",
				);
				GCC_WARN_64_TO_32_BIT_CONVERSION = YES;
				GCC_WARN_ABOUT_RETURN_TYPE = YES_ERROR;
				GCC_WARN_UNDECLARED_SELECTOR = YES;
				GCC_WARN_UNINITIALIZED_AUTOS = YES_AGGRESSIVE;
				GCC_WARN_UNUSED_FUNCTION = YES;
				GCC_WARN_UNUSED_VARIABLE = YES;
				IPHONEOS_DEPLOYMENT_TARGET = 16.2;
				MTL_ENABLE_DEBUG_INFO = INCLUDE_SOURCE;
				MTL_FAST_MATH = YES;
				ONLY_ACTIVE_ARCH = YES;
				SDKROOT = iphoneos;
				SWIFT_ACTIVE_COMPILATION_CONDITIONS = DEBUG;
				SWIFT_OPTIMIZATION_LEVEL = "-Onone";
			};
			name = Debug;
		};
		CC66A1BA2D7B239C00F89D73 /* Release */ = {
			isa = XCBuildConfiguration;
			buildSettings = {
				ALWAYS_SEARCH_USER_PATHS = NO;
				CLANG_ANALYZER_NONNULL = YES;
				CLANG_ANALYZER_NUMBER_OBJECT_CONVERSION = YES_AGGRESSIVE;
				CLANG_CXX_LANGUAGE_STANDARD = "gnu++20";
				CLANG_ENABLE_MODULES = YES;
				CLANG_ENABLE_OBJC_ARC = YES;
				CLANG_ENABLE_OBJC_WEAK = YES;
				CLANG_WARN_BLOCK_CAPTURE_AUTORELEASING = YES;
				CLANG_WARN_BOOL_CONVERSION = YES;
				CLANG_WARN_COMMA = YES;
				CLANG_WARN_CONSTANT_CONVERSION = YES;
				CLANG_WARN_DEPRECATED_OBJC_IMPLEMENTATIONS = YES;
				CLANG_WARN_DIRECT_OBJC_ISA_USAGE = YES_ERROR;
				CLANG_WARN_DOCUMENTATION_COMMENTS = YES;
				CLANG_WARN_EMPTY_BODY = YES;
				CLANG_WARN_ENUM_CONVERSION = YES;
				CLANG_WARN_INFINITE_RECURSION = YES;
				CLANG_WARN_INT_CONVERSION = YES;
				CLANG_WARN_NON_LITERAL_NULL_CONVERSION = YES;
				CLANG_WARN_OBJC_IMPLICIT_RETAIN_SELF = YES;
				CLANG_WARN_OBJC_LITERAL_CONVERSION = YES;
				CLANG_WARN_OBJC_ROOT_CLASS = YES_ERROR;
				CLANG_WARN_QUOTED_INCLUDE_IN_FRAMEWORK_HEADER = YES;
				CLANG_WARN_RANGE_LOOP_ANALYSIS = YES;
				CLANG_WARN_STRICT_PROTOTYPES = YES;
				CLANG_WARN_SUSPICIOUS_MOVE = YES;
				CLANG_WARN_UNGUARDED_AVAILABILITY = YES_AGGRESSIVE;
				CLANG_WARN_UNREACHABLE_CODE = YES;
				CLANG_WARN__DUPLICATE_METHOD_MATCH = YES;
				COPY_PHASE_STRIP = NO;
				DEBUG_INFORMATION_FORMAT = "dwarf-with-dsym";
				ENABLE_NS_ASSERTIONS = NO;
				ENABLE_STRICT_OBJC_MSGSEND = YES;
				GCC_C_LANGUAGE_STANDARD = gnu11;
				GCC_NO_COMMON_BLOCKS = YES;
				GCC_WARN_64_TO_32_BIT_CONVERSION = YES;
				GCC_WARN_ABOUT_RETURN_TYPE = YES_ERROR;
				GCC_WARN_UNDECLARED_SELECTOR = YES;
				GCC_WARN_UNINITIALIZED_AUTOS = YES_AGGRESSIVE;
				GCC_WARN_UNUSED_FUNCTION = YES;
				GCC_WARN_UNUSED_VARIABLE = YES;
				IPHONEOS_DEPLOYMENT_TARGET = 16.2;
				MTL_ENABLE_DEBUG_INFO = NO;
				MTL_FAST_MATH = YES;
				SDKROOT = iphoneos;
				SWIFT_COMPILATION_MODE = wholemodule;
				SWIFT_OPTIMIZATION_LEVEL = "-O";
				VALIDATE_PRODUCT = YES;
			};
			name = Release;
		};
		CC66A1BC2D7B239C00F89D73 /* Debug */ = {
			isa = XCBuildConfiguration;
			buildSettings = {
				ASSETCATALOG_COMPILER_APPICON_NAME = AppIcon;
				ASSETCATALOG_COMPILER_GLOBAL_ACCENT_COLOR_NAME = AccentColor;
				CODE_SIGN_STYLE = Automatic;
				CURRENT_PROJECT_VERSION = 1;
				DEVELOPMENT_ASSET_PATHS = "\"ExerciseGym/Preview Content\"";
				ENABLE_PREVIEWS = YES;
				GENERATE_INFOPLIST_FILE = YES;
				INFOPLIST_KEY_UIApplicationSceneManifest_Generation = YES;
				INFOPLIST_KEY_UIApplicationSupportsIndirectInputEvents = YES;
				INFOPLIST_KEY_UILaunchScreen_Generation = YES;
				INFOPLIST_KEY_UISupportedInterfaceOrientations_iPad = "UIInterfaceOrientationPortrait UIInterfaceOrientationPortraitUpsideDown UIInterfaceOrientationLandscapeLeft UIInterfaceOrientationLandscapeRight";
				INFOPLIST_KEY_UISupportedInterfaceOrientations_iPhone = "UIInterfaceOrientationPortrait UIInterfaceOrientationLandscapeLeft UIInterfaceOrientationLandscapeRight";
				LD_RUNPATH_SEARCH_PATHS = (
					"$(inherited)",
					"@executable_path/Frameworks",
				);
				MARKETING_VERSION = 1.0;
				PRODUCT_BUNDLE_IDENTIFIER = com.vova.ExerciseGym;
				PRODUCT_NAME = "$(TARGET_NAME)";
				SWIFT_EMIT_LOC_STRINGS = YES;
				SWIFT_VERSION = 5.0;
				TARGETED_DEVICE_FAMILY = "1,2";
			};
			name = Debug;
		};
		CC66A1BD2D7B239C00F89D73 /* Release */ = {
			isa = XCBuildConfiguration;
			buildSettings = {
				ASSETCATALOG_COMPILER_APPICON_NAME = AppIcon;
				ASSETCATALOG_COMPILER_GLOBAL_ACCENT_COLOR_NAME = AccentColor;
				CODE_SIGN_STYLE = Automatic;
				CURRENT_PROJECT_VERSION = 1;
				DEVELOPMENT_ASSET_PATHS = "\"ExerciseGym/Preview Content\"";
				ENABLE_PREVIEWS = YES;
				GENERATE_INFOPLIST_FILE = YES;
				INFOPLIST_KEY_UIApplicationSceneManifest_Generation = YES;
				INFOPLIST_KEY_UIApplicationSupportsIndirectInputEvents = YES;
				INFOPLIST_KEY_UILaunchScreen_Generation = YES;
				INFOPLIST_KEY_UISupportedInterfaceOrientations_iPad = "UIInterfaceOrientationPortrait UIInterfaceOrientationPortraitUpsideDown UIInterfaceOrientationLandscapeLeft UIInterfaceOrientationLandscapeRight";
				INFOPLIST_KEY_UISupportedInterfaceOrientations_iPhone = "UIInterfaceOrientationPortrait UIInterfaceOrientationLandscapeLeft UIInterfaceOrientationLandscapeRight";
				LD_RUNPATH_SEARCH_PATHS = (
					"$(inherited)",
					"@executable_path/Frameworks",
				);
				MARKETING_VERSION = 1.0;
				PRODUCT_BUNDLE_IDENTIFIER = com.vova.ExerciseGym;
				PRODUCT_NAME = "$(TARGET_NAME)";
				SWIFT_EMIT_LOC_STRINGS = YES;
				SWIFT_VERSION = 5.0;
				TARGETED_DEVICE_FAMILY = "1,2";
			};
			name = Release;
		};
/* End XCBuildConfiguration section */

/* Begin XCConfigurationList section */
		CC66A1A82D7B239A00F89D73 /* Build configuration list for PBXProject "ExerciseGym" */ = {
			isa = XCConfigurationList;
			buildConfigurations = (
				CC66A1B92D7B239C00F89D73 /* Debug */,
				CC66A1BA2D7B239C00F89D73 /* Release */,
			);
			defaultConfigurationIsVisible = 0;
			defaultConfigurationName = Release;
		};
		CC66A1BB2D7B239C00F89D73 /* Build configuration list for PBXNativeTarget "ExerciseGym" */ = {
			isa = XCConfigurationList;
			buildConfigurations = (
				CC66A1BC2D7B239C00F89D73 /* Debug */,
				CC66A1BD2D7B239C00F89D73 /* Release */,
			);
			defaultConfigurationIsVisible = 0;
			defaultConfigurationName = Release;
		};
/* End XCConfigurationList section */
	};
	rootObject = CC66A1A52D7B239A00F89D73 /* Project object */;
}
